
Microsoft Visual Studio Solution File, Format Version 12.00
# Visual Studio Version 17
VisualStudioVersion = 17.5.002.0
MinimumVisualStudioVersion = 10.0.40219.1
Project("{9A19103F-16F7-4668-BE54-9A1E7A4F7556}") = "Generic", "Generic.csproj", "{A26E1307-E421-4F9B-AFBD-CB4F77D0F319}"
EndProject
Global
	GlobalSection(SolutionConfigurationPlatforms) = preSolution
		Debug|Any CPU = Debug|Any CPU
		Release|Any CPU = Release|Any CPU
	EndGlobalSection
	GlobalSection(ProjectConfigurationPlatforms) = postSolution
		{A26E1307-E421-4F9B-AFBD-CB4F77D0F319}.Debug|Any CPU.ActiveCfg = Debug|Any CPU
		{A26E1307-E421-4F9B-AFBD-CB4F77D0F319}.Debug|Any CPU.Build.0 = Debug|Any CPU
		{A26E1307-E421-4F9B-AFBD-CB4F77D0F319}.Release|Any CPU.ActiveCfg = Release|Any CPU
		{A26E1307-E421-4F9B-AFBD-CB4F77D0F319}.Release|Any CPU.Build.0 = Release|Any CPU
	EndGlobalSection
	GlobalSection(SolutionProperties) = preSolution
		HideSolutionNode = FALSE
	EndGlobalSection
	GlobalSection(ExtensibilityGlobals) = postSolution
		SolutionGuid = {9AFA6D78-480D-46C4-A6ED-DCFD3FC85BD0}
	EndGlobalSection
EndGlobal
